// !$*UTF8*$!
{
	archiveVersion = 1;
	classes = {
	};
	objectVersion = 48;
	objects = {
/* Begin PBXBuildFile section */
		0207DA581B56EA530066E2B4 /* Images.xcassets in Resources */ = {isa = PBXBuildFile; fileRef = 0207DA571B56EA530066E2B4 /* Images.xcassets */; };
		085F3C523B3940AAB7B5743C /* libz.tbd in Frameworks */ = {isa = PBXBuildFile; fileRef = FAFE701383D441329254697C /* libz.tbd */; };
		094284E9171D4BD1A5A8F6DA /* libc++.tbd in Frameworks */ = {isa = PBXBuildFile; fileRef = 01FBD559634E4820B74E3D75 /* libc++.tbd */; };
		0D35F3716C5548C48EF96E1E /* libsqlite3.0.tbd in Frameworks */ = {isa = PBXBuildFile; fileRef = 784100A948AD40A8BEAA5267 /* libsqlite3.0.tbd */; };
		0FB61A0712C34114BCE31F05 /* GoogleUtilities.framework in Frameworks */ = {isa = PBXBuildFile; fileRef = F07C676B894C4EAFA7195FA8 /* GoogleUtilities.framework */; };
		17860A88F4794618A6D813FE /* AddressBook.framework in Frameworks */ = {isa = PBXBuildFile; fileRef = F0917C0BDE9D4E0C84B396A9 /* AddressBook.framework */; };
		1A2B161755DF480981EB1189 /* FirebaseInstanceID.framework in Frameworks */ = {isa = PBXBuildFile; fileRef = D41227A5C4564F21A26D5F88 /* FirebaseInstanceID.framework */; };
		1D3623260D0F684500981E51 /* AppDelegate.m in Sources */ = {isa = PBXBuildFile; fileRef = 1D3623250D0F684500981E51 /* AppDelegate.m */; };
		1D60589B0D05DD56006BFB54 /* main.m in Sources */ = {isa = PBXBuildFile; fileRef = 29B97316FDCFA39411CA2CEA /* main.m */; };
		301BF552109A68D80062928A /* libCordova.a in Frameworks */ = {isa = PBXBuildFile; fileRef = 301BF535109A57CC0062928A /* libCordova.a */; };
		302D95F114D2391D003F00A1 /* MainViewController.m in Sources */ = {isa = PBXBuildFile; fileRef = 302D95EF14D2391D003F00A1 /* MainViewController.m */; };
		302D95F214D2391D003F00A1 /* MainViewController.xib in Resources */ = {isa = PBXBuildFile; fileRef = 302D95F014D2391D003F00A1 /* MainViewController.xib */; };
		3BFF945428E8468BABD9E6BA /* Social.framework in Frameworks */ = {isa = PBXBuildFile; fileRef = DBA7AD1AB67E4F7A86558C05 /* Social.framework */; settings = {ATTRIBUTES = (Weak, ); }; };
		4B5E9D23C8E54D92A2385679 /* NSString+SSURLEncoding.m in Sources */ = {isa = PBXBuildFile; fileRef = CBEA2A0BBB6F43EB8BD8806B /* NSString+SSURLEncoding.m */; };
		6AFF5BF91D6E424B00AB3073 /* CDVLaunchScreen.storyboard in Resources */ = {isa = PBXBuildFile; fileRef = 6AFF5BF81D6E424B00AB3073 /* CDVLaunchScreen.storyboard */; };
		7D0A2025E3F4443AB5146784 /* GoogleIPhoneUtilities.framework in Frameworks */ = {isa = PBXBuildFile; fileRef = FB66812F16E3428E87E64847 /* GoogleIPhoneUtilities.framework */; };
		7D13872725934A0BA6B94853 /* FirebaseAnalytics.framework in Frameworks */ = {isa = PBXBuildFile; fileRef = 11BDF7B54F4A452B89E33CDE /* FirebaseAnalytics.framework */; };
		88985F635CC0413691E4D926 /* AppDelegate+FCMPlugin.m in Sources */ = {isa = PBXBuildFile; fileRef = B42FED253BE24A7BAF091906 /* AppDelegate+FCMPlugin.m */; };
		9463438F5128CDB11DC8167E /* libPods-FreeCycle.a in Frameworks */ = {isa = PBXBuildFile; fileRef = 5C81A9EC1D4B5D62EA526A07 /* libPods-FreeCycle.a */; };
		A2E43BA954B94476924937E0 /* FirebaseMessaging.framework in Frameworks */ = {isa = PBXBuildFile; fileRef = F6FDD1FD4B6544D2A612ED9F /* FirebaseMessaging.framework */; };
		AD7D2F7FDF534860936A402D /* FirebaseCore.framework in Frameworks */ = {isa = PBXBuildFile; fileRef = CB073B1BA9FE4FFCA59061FD /* FirebaseCore.framework */; };
		B127FA121FC5A4EC0061562D /* Default-568h@2x.png in Resources */ = {isa = PBXBuildFile; fileRef = B127FA101FC5A4EC0061562D /* Default-568h@2x.png */; };
		B14BAC231FC6A2610083C1FB /* MapKit.framework in Frameworks */ = {isa = PBXBuildFile; fileRef = B14BAC221FC6A2610083C1FB /* MapKit.framework */; };
		BA3EFA44F14A4DF596577757 /* GoogleSymbolUtilities.framework in Frameworks */ = {isa = PBXBuildFile; fileRef = 6B3E90DFC8634691ACF4128D /* GoogleSymbolUtilities.framework */; };
		CF48BF7C7A1A40A8BB6E5CA9 /* FCMPlugin.m in Sources */ = {isa = PBXBuildFile; fileRef = DBA214E1C7DC4345B9F2EA08 /* FCMPlugin.m */; };
		D47DD5D0031C4B998FF3BF12 /* MessageUI.framework in Frameworks */ = {isa = PBXBuildFile; fileRef = F84591E7C4744ED780F4C840 /* MessageUI.framework */; settings = {ATTRIBUTES = (Weak, ); }; };
		DB3B6CF79E9F418799859A00 /* SocialSharing.m in Sources */ = {isa = PBXBuildFile; fileRef = 5C913383B79D4AB7BD38F73F /* SocialSharing.m */; };
		DECA0D2292FA4A2AA49C34A0 /* GoogleInterchangeUtilities.framework in Frameworks */ = {isa = PBXBuildFile; fileRef = 4C39C853823847A3ACA04CF0 /* GoogleInterchangeUtilities.framework */; };
		FF518C9A4BD143B3BC1F8C58 /* Security.framework in Frameworks */ = {isa = PBXBuildFile; fileRef = 7E8671DFD447429C8790EA26 /* Security.framework */; };
		B0833222EDDD4659A5EC1076 /* GoogleService-Info.plist in Resources */ = {isa = PBXBuildFile; fileRef = 3FB78013629E420D82C22FD4 /* GoogleService-Info.plist */; };
/* End PBXBuildFile section */

/* Begin PBXContainerItemProxy section */
		301BF534109A57CC0062928A /* PBXContainerItemProxy */ = {
			isa = PBXContainerItemProxy;
			containerPortal = 301BF52D109A57CC0062928A /* CordovaLib/CordovaLib.xcodeproj */;
			proxyType = 2;
			remoteGlobalIDString = D2AAC07E0554694100DB518D;
			remoteInfo = CordovaLib;
		};
		301BF550109A68C00062928A /* PBXContainerItemProxy */ = {
			isa = PBXContainerItemProxy;
			containerPortal = 301BF52D109A57CC0062928A /* CordovaLib/CordovaLib.xcodeproj */;
			proxyType = 1;
			remoteGlobalIDString = D2AAC07D0554694100DB518D;
			remoteInfo = CordovaLib;
		};
		B119A05D1FC2F29A005F9925 /* PBXContainerItemProxy */ = {
			isa = PBXContainerItemProxy;
			containerPortal = 301BF52D109A57CC0062928A /* CordovaLib/CordovaLib.xcodeproj */;
			proxyType = 2;
			remoteGlobalIDString = C0C01EB21E3911D50056E6CB;
			remoteInfo = Cordova;
		};
/* End PBXContainerItemProxy section */

/* Begin PBXFileReference section */
		01FBD559634E4820B74E3D75 /* libc++.tbd */ = {isa = PBXFileReference; explicitFileType = undefined; fileEncoding = 9; includeInIndex = 0; lastKnownFileType = "sourcecode.text-based-dylib-definition"; name = "libc++.tbd"; path = "usr/lib/libc++.tbd"; sourceTree = SDKROOT; };
		0207DA571B56EA530066E2B4 /* Images.xcassets */ = {isa = PBXFileReference; lastKnownFileType = folder.assetcatalog; name = Images.xcassets; path = FreeCycle/Images.xcassets; sourceTree = SOURCE_ROOT; };
		11BDF7B54F4A452B89E33CDE /* FirebaseAnalytics.framework */ = {isa = PBXFileReference; explicitFileType = undefined; fileEncoding = 9; includeInIndex = 0; lastKnownFileType = wrapper.framework; name = FirebaseAnalytics.framework; path = "FreeCycle/Plugins/cordova-plugin-fcm/FirebaseAnalytics.framework"; sourceTree = "<group>"; };
		1D3623240D0F684500981E51 /* AppDelegate.h */ = {isa = PBXFileReference; fileEncoding = 4; lastKnownFileType = sourcecode.c.h; path = AppDelegate.h; sourceTree = "<group>"; };
		1D3623250D0F684500981E51 /* AppDelegate.m */ = {isa = PBXFileReference; fileEncoding = 4; lastKnownFileType = sourcecode.c.objc; path = AppDelegate.m; sourceTree = "<group>"; };
		1D6058910D05DD3D006BFB54 /* FreeCycle.app */ = {isa = PBXFileReference; explicitFileType = wrapper.application; includeInIndex = 0; path = FreeCycle.app; sourceTree = BUILT_PRODUCTS_DIR; };
		2747178C47DD477E852C449F /* AppDelegate+FCMPlugin.h */ = {isa = PBXFileReference; explicitFileType = undefined; fileEncoding = 4; includeInIndex = 0; lastKnownFileType = sourcecode.c.h; name = "AppDelegate+FCMPlugin.h"; path = "cordova-plugin-fcm/AppDelegate+FCMPlugin.h"; sourceTree = "<group>"; };
		29B97316FDCFA39411CA2CEA /* main.m */ = {isa = PBXFileReference; fileEncoding = 4; lastKnownFileType = sourcecode.c.objc; path = main.m; sourceTree = "<group>"; };
		301BF52D109A57CC0062928A /* CordovaLib/CordovaLib.xcodeproj */ = {isa = PBXFileReference; lastKnownFileType = "wrapper.pb-project"; path = CordovaLib/CordovaLib.xcodeproj; sourceTree = "<group>"; };
		301BF56E109A69640062928A /* www */ = {isa = PBXFileReference; lastKnownFileType = folder; path = www; sourceTree = SOURCE_ROOT; };
		302D95EE14D2391D003F00A1 /* MainViewController.h */ = {isa = PBXFileReference; fileEncoding = 4; lastKnownFileType = sourcecode.c.h; path = MainViewController.h; sourceTree = "<group>"; };
		302D95EF14D2391D003F00A1 /* MainViewController.m */ = {isa = PBXFileReference; fileEncoding = 4; lastKnownFileType = sourcecode.c.objc; path = MainViewController.m; sourceTree = "<group>"; };
		302D95F014D2391D003F00A1 /* MainViewController.xib */ = {isa = PBXFileReference; fileEncoding = 4; lastKnownFileType = file.xib; path = MainViewController.xib; sourceTree = "<group>"; };
		3047A50F1AB8059700498E2A /* build-debug.xcconfig */ = {isa = PBXFileReference; fileEncoding = 4; lastKnownFileType = text.xcconfig; name = "build-debug.xcconfig"; path = "cordova/build-debug.xcconfig"; sourceTree = SOURCE_ROOT; };
		3047A5101AB8059700498E2A /* build-release.xcconfig */ = {isa = PBXFileReference; fileEncoding = 4; lastKnownFileType = text.xcconfig; name = "build-release.xcconfig"; path = "cordova/build-release.xcconfig"; sourceTree = SOURCE_ROOT; };
		3047A5111AB8059700498E2A /* build.xcconfig */ = {isa = PBXFileReference; fileEncoding = 4; lastKnownFileType = text.xcconfig; name = build.xcconfig; path = cordova/build.xcconfig; sourceTree = SOURCE_ROOT; };
		32CA4F630368D1EE00C91783 /* FreeCycle-Prefix.pch */ = {isa = PBXFileReference; fileEncoding = 4; lastKnownFileType = sourcecode.c.h; path = "FreeCycle-Prefix.pch"; sourceTree = "<group>"; };
		3B353E2E3DF2430D9A5C283F /* FCMPlugin.h */ = {isa = PBXFileReference; explicitFileType = undefined; fileEncoding = 4; includeInIndex = 0; lastKnownFileType = sourcecode.c.h; name = FCMPlugin.h; path = "cordova-plugin-fcm/FCMPlugin.h"; sourceTree = "<group>"; };
		4C39C853823847A3ACA04CF0 /* GoogleInterchangeUtilities.framework */ = {isa = PBXFileReference; explicitFileType = undefined; fileEncoding = 9; includeInIndex = 0; lastKnownFileType = wrapper.framework; name = GoogleInterchangeUtilities.framework; path = "FreeCycle/Plugins/cordova-plugin-fcm/GoogleInterchangeUtilities.framework"; sourceTree = "<group>"; };
		5C81A9EC1D4B5D62EA526A07 /* libPods-FreeCycle.a */ = {isa = PBXFileReference; explicitFileType = archive.ar; includeInIndex = 0; path = "libPods-FreeCycle.a"; sourceTree = BUILT_PRODUCTS_DIR; };
		5C913383B79D4AB7BD38F73F /* SocialSharing.m */ = {isa = PBXFileReference; explicitFileType = undefined; fileEncoding = 4; includeInIndex = 0; lastKnownFileType = sourcecode.c.objc; name = SocialSharing.m; path = "cordova-plugin-x-socialsharing/SocialSharing.m"; sourceTree = "<group>"; };
		6AFF5BF81D6E424B00AB3073 /* CDVLaunchScreen.storyboard */ = {isa = PBXFileReference; fileEncoding = 4; lastKnownFileType = file.storyboard; name = CDVLaunchScreen.storyboard; path = FreeCycle/CDVLaunchScreen.storyboard; sourceTree = SOURCE_ROOT; };
		6B3E90DFC8634691ACF4128D /* GoogleSymbolUtilities.framework */ = {isa = PBXFileReference; explicitFileType = undefined; fileEncoding = 9; includeInIndex = 0; lastKnownFileType = wrapper.framework; name = GoogleSymbolUtilities.framework; path = "FreeCycle/Plugins/cordova-plugin-fcm/GoogleSymbolUtilities.framework"; sourceTree = "<group>"; };
		72209F5BA47C470F977463D1 /* SocialSharing.h */ = {isa = PBXFileReference; explicitFileType = undefined; fileEncoding = 4; includeInIndex = 0; lastKnownFileType = sourcecode.c.h; name = SocialSharing.h; path = "cordova-plugin-x-socialsharing/SocialSharing.h"; sourceTree = "<group>"; };
		784100A948AD40A8BEAA5267 /* libsqlite3.0.tbd */ = {isa = PBXFileReference; explicitFileType = undefined; fileEncoding = 9; includeInIndex = 0; lastKnownFileType = "sourcecode.text-based-dylib-definition"; name = libsqlite3.0.tbd; path = usr/lib/libsqlite3.0.tbd; sourceTree = SDKROOT; };
		7E8671DFD447429C8790EA26 /* Security.framework */ = {isa = PBXFileReference; explicitFileType = undefined; fileEncoding = 9; includeInIndex = 0; lastKnownFileType = wrapper.framework; name = Security.framework; path = System/Library/Frameworks/Security.framework; sourceTree = SDKROOT; };
		854C551D4C4B42838953B391 /* Firebase.h */ = {isa = PBXFileReference; explicitFileType = undefined; fileEncoding = 4; includeInIndex = 0; lastKnownFileType = sourcecode.c.h; name = Firebase.h; path = "cordova-plugin-fcm/Firebase.h"; sourceTree = "<group>"; };
		8D1107310486CEB800E47090 /* FreeCycle-Info.plist */ = {isa = PBXFileReference; fileEncoding = 4; lastKnownFileType = text.plist.xml; name = "FreeCycle-Info.plist"; path = "FreeCycle/FreeCycle-Info.plist"; plistStructureDefinitionIdentifier = "com.apple.xcode.plist.structure-definition.iphone.info-plist"; sourceTree = SOURCE_ROOT; };
		95AB320FDE934BA5BDF3ED0D /* NSString+SSURLEncoding.h */ = {isa = PBXFileReference; explicitFileType = undefined; fileEncoding = 4; includeInIndex = 0; lastKnownFileType = sourcecode.c.h; name = "NSString+SSURLEncoding.h"; path = "cordova-plugin-x-socialsharing/NSString+SSURLEncoding.h"; sourceTree = "<group>"; };
		B127FA101FC5A4EC0061562D /* Default-568h@2x.png */ = {isa = PBXFileReference; lastKnownFileType = image.png; path = "Default-568h@2x.png"; sourceTree = "<group>"; };
		B14BAC1F1FC6A2540083C1FB /* FreeCycle.entitlements */ = {isa = PBXFileReference; lastKnownFileType = text.plist.entitlements; name = FreeCycle.entitlements; path = FreeCycle/FreeCycle.entitlements; sourceTree = "<group>"; };
		B14BAC221FC6A2610083C1FB /* MapKit.framework */ = {isa = PBXFileReference; lastKnownFileType = wrapper.framework; name = MapKit.framework; path = System/Library/Frameworks/MapKit.framework; sourceTree = SDKROOT; };
		B42FED253BE24A7BAF091906 /* AppDelegate+FCMPlugin.m */ = {isa = PBXFileReference; explicitFileType = undefined; fileEncoding = 4; includeInIndex = 0; lastKnownFileType = sourcecode.c.objc; name = "AppDelegate+FCMPlugin.m"; path = "cordova-plugin-fcm/AppDelegate+FCMPlugin.m"; sourceTree = "<group>"; };
		CB073B1BA9FE4FFCA59061FD /* FirebaseCore.framework */ = {isa = PBXFileReference; explicitFileType = undefined; fileEncoding = 9; includeInIndex = 0; lastKnownFileType = wrapper.framework; name = FirebaseCore.framework; path = "FreeCycle/Plugins/cordova-plugin-fcm/FirebaseCore.framework"; sourceTree = "<group>"; };
		CBEA2A0BBB6F43EB8BD8806B /* NSString+SSURLEncoding.m */ = {isa = PBXFileReference; explicitFileType = undefined; fileEncoding = 4; includeInIndex = 0; lastKnownFileType = sourcecode.c.objc; name = "NSString+SSURLEncoding.m"; path = "cordova-plugin-x-socialsharing/NSString+SSURLEncoding.m"; sourceTree = "<group>"; };
		D403983220284D8CA8A81976 /* GoogleService-Info.plist */ = {isa = PBXFileReference; explicitFileType = undefined; fileEncoding = 4; includeInIndex = 0; lastKnownFileType = text.plist.xml; name = "GoogleService-Info.plist"; path = "Resources/GoogleService-Info.plist"; sourceTree = "<group>"; };
		D41227A5C4564F21A26D5F88 /* FirebaseInstanceID.framework */ = {isa = PBXFileReference; explicitFileType = undefined; fileEncoding = 9; includeInIndex = 0; lastKnownFileType = wrapper.framework; name = FirebaseInstanceID.framework; path = "FreeCycle/Plugins/cordova-plugin-fcm/FirebaseInstanceID.framework"; sourceTree = "<group>"; };
		DBA214E1C7DC4345B9F2EA08 /* FCMPlugin.m */ = {isa = PBXFileReference; explicitFileType = undefined; fileEncoding = 4; includeInIndex = 0; lastKnownFileType = sourcecode.c.objc; name = FCMPlugin.m; path = "cordova-plugin-fcm/FCMPlugin.m"; sourceTree = "<group>"; };
		DBA7AD1AB67E4F7A86558C05 /* Social.framework */ = {isa = PBXFileReference; explicitFileType = undefined; fileEncoding = 9; includeInIndex = 0; lastKnownFileType = wrapper.framework; name = Social.framework; path = System/Library/Frameworks/Social.framework; sourceTree = SDKROOT; };
		EB87FDF31871DA8E0020F90C /* www */ = {isa = PBXFileReference; lastKnownFileType = folder; name = www; path = ../../www; sourceTree = "<group>"; };
		EB87FDF41871DAF40020F90C /* config.xml */ = {isa = PBXFileReference; lastKnownFileType = text.xml; name = config.xml; path = ../../config.xml; sourceTree = "<group>"; };
		ED33DF2A687741AEAF9F8254 /* Bridging-Header.h */ = {isa = PBXFileReference; fileEncoding = 4; lastKnownFileType = sourcecode.c.h; path = "Bridging-Header.h"; sourceTree = "<group>"; };
		F07C676B894C4EAFA7195FA8 /* GoogleUtilities.framework */ = {isa = PBXFileReference; explicitFileType = undefined; fileEncoding = 9; includeInIndex = 0; lastKnownFileType = wrapper.framework; name = GoogleUtilities.framework; path = "FreeCycle/Plugins/cordova-plugin-fcm/GoogleUtilities.framework"; sourceTree = "<group>"; };
		F0917C0BDE9D4E0C84B396A9 /* AddressBook.framework */ = {isa = PBXFileReference; explicitFileType = undefined; fileEncoding = 9; includeInIndex = 0; lastKnownFileType = wrapper.framework; name = AddressBook.framework; path = System/Library/Frameworks/AddressBook.framework; sourceTree = SDKROOT; };
		F6FDD1FD4B6544D2A612ED9F /* FirebaseMessaging.framework */ = {isa = PBXFileReference; explicitFileType = undefined; fileEncoding = 9; includeInIndex = 0; lastKnownFileType = wrapper.framework; name = FirebaseMessaging.framework; path = "FreeCycle/Plugins/cordova-plugin-fcm/FirebaseMessaging.framework"; sourceTree = "<group>"; };
		F840E1F0165FE0F500CFE078 /* config.xml */ = {isa = PBXFileReference; lastKnownFileType = text.xml; name = config.xml; path = FreeCycle/config.xml; sourceTree = "<group>"; };
		F84591E7C4744ED780F4C840 /* MessageUI.framework */ = {isa = PBXFileReference; explicitFileType = undefined; fileEncoding = 9; includeInIndex = 0; lastKnownFileType = wrapper.framework; name = MessageUI.framework; path = System/Library/Frameworks/MessageUI.framework; sourceTree = SDKROOT; };
		FAFE701383D441329254697C /* libz.tbd */ = {isa = PBXFileReference; explicitFileType = undefined; fileEncoding = 9; includeInIndex = 0; lastKnownFileType = "sourcecode.text-based-dylib-definition"; name = libz.tbd; path = usr/lib/libz.tbd; sourceTree = SDKROOT; };
		FB66812F16E3428E87E64847 /* GoogleIPhoneUtilities.framework */ = {isa = PBXFileReference; explicitFileType = undefined; fileEncoding = 9; includeInIndex = 0; lastKnownFileType = wrapper.framework; name = GoogleIPhoneUtilities.framework; path = "FreeCycle/Plugins/cordova-plugin-fcm/GoogleIPhoneUtilities.framework"; sourceTree = "<group>"; };
		3FB78013629E420D82C22FD4 /* GoogleService-Info.plist */ = {isa = PBXFileReference; name = "GoogleService-Info.plist"; path = "GoogleService-Info.plist"; sourceTree = "<group>"; fileEncoding = 4; lastKnownFileType = text.plist.xml; explicitFileType = undefined; includeInIndex = 0; };
/* End PBXFileReference section */

/* Begin PBXFrameworksBuildPhase section */
		1D60588F0D05DD3D006BFB54 /* Frameworks */ = {
			isa = PBXFrameworksBuildPhase;
			buildActionMask = 2147483647;
			files = (
				301BF552109A68D80062928A /* libCordova.a in Frameworks */,
				B14BAC231FC6A2610083C1FB /* MapKit.framework in Frameworks */,
				3BFF945428E8468BABD9E6BA /* Social.framework in Frameworks */,
				D47DD5D0031C4B998FF3BF12 /* MessageUI.framework in Frameworks */,
				9463438F5128CDB11DC8167E /* libPods-FreeCycle.a in Frameworks */,
				7D13872725934A0BA6B94853 /* FirebaseAnalytics.framework in Frameworks */,
				AD7D2F7FDF534860936A402D /* FirebaseCore.framework in Frameworks */,
				1A2B161755DF480981EB1189 /* FirebaseInstanceID.framework in Frameworks */,
				A2E43BA954B94476924937E0 /* FirebaseMessaging.framework in Frameworks */,
				DECA0D2292FA4A2AA49C34A0 /* GoogleInterchangeUtilities.framework in Frameworks */,
				7D0A2025E3F4443AB5146784 /* GoogleIPhoneUtilities.framework in Frameworks */,
				BA3EFA44F14A4DF596577757 /* GoogleSymbolUtilities.framework in Frameworks */,
				0FB61A0712C34114BCE31F05 /* GoogleUtilities.framework in Frameworks */,
				094284E9171D4BD1A5A8F6DA /* libc++.tbd in Frameworks */,
				085F3C523B3940AAB7B5743C /* libz.tbd in Frameworks */,
				17860A88F4794618A6D813FE /* AddressBook.framework in Frameworks */,
				0D35F3716C5548C48EF96E1E /* libsqlite3.0.tbd in Frameworks */,
				FF518C9A4BD143B3BC1F8C58 /* Security.framework in Frameworks */,
			);
			runOnlyForDeploymentPostprocessing = 0;
		};
/* End PBXFrameworksBuildPhase section */

/* Begin PBXGroup section */
		080E96DDFE201D6D7F000001 /* Classes */ = {
			isa = PBXGroup;
			children = (
				302D95EE14D2391D003F00A1 /* MainViewController.h */,
				302D95EF14D2391D003F00A1 /* MainViewController.m */,
				302D95F014D2391D003F00A1 /* MainViewController.xib */,
				1D3623240D0F684500981E51 /* AppDelegate.h */,
				1D3623250D0F684500981E51 /* AppDelegate.m */,
			);
			name = Classes;
			path = FreeCycle/Classes;
			sourceTree = SOURCE_ROOT;
		};
		19C28FACFE9D520D11CA2CBB /* Products */ = {
			isa = PBXGroup;
			children = (
				1D6058910D05DD3D006BFB54 /* FreeCycle.app */,
			);
			name = Products;
			sourceTree = "<group>";
		};
		29B97314FDCFA39411CA2CEA /* CustomTemplate */ = {
			isa = PBXGroup;
			children = (
				B14BAC1F1FC6A2540083C1FB /* FreeCycle.entitlements */,
				B127FA101FC5A4EC0061562D /* Default-568h@2x.png */,
				EB87FDF41871DAF40020F90C /* config.xml */,
				EB87FDF31871DA8E0020F90C /* www */,
				EB87FDF11871DA420020F90C /* Staging */,
				301BF52D109A57CC0062928A /* CordovaLib/CordovaLib.xcodeproj */,
				080E96DDFE201D6D7F000001 /* Classes */,
				307C750510C5A3420062BCA9 /* Plugins */,
				29B97315FDCFA39411CA2CEA /* Other Sources */,
				29B97317FDCFA39411CA2CEA /* Resources */,
				29B97323FDCFA39411CA2CEA /* Frameworks */,
				19C28FACFE9D520D11CA2CBB /* Products */,
				311EC8C1D67F90C94F2B2BCE /* Pods */,
			);
			name = CustomTemplate;
			sourceTree = "<group>";
		};
		29B97315FDCFA39411CA2CEA /* Other Sources */ = {
			isa = PBXGroup;
			children = (
				32CA4F630368D1EE00C91783 /* FreeCycle-Prefix.pch */,
				29B97316FDCFA39411CA2CEA /* main.m */,
				ED33DF2A687741AEAF9F8254 /* Bridging-Header.h */,
			);
			name = "Other Sources";
			path = FreeCycle;
			sourceTree = "<group>";
		};
		29B97317FDCFA39411CA2CEA /* Resources */ = {
			isa = PBXGroup;
			children = (
				0207DA571B56EA530066E2B4 /* Images.xcassets */,
				3047A50E1AB8057F00498E2A /* config */,
				8D1107310486CEB800E47090 /* FreeCycle-Info.plist */,
				6AFF5BF81D6E424B00AB3073 /* CDVLaunchScreen.storyboard */,
				D403983220284D8CA8A81976 /* GoogleService-Info.plist */,
				3FB78013629E420D82C22FD4 /* GoogleService-Info.plist */,
			);
			name = Resources;
			path = FreeCycle/Resources;
			sourceTree = "<group>";
		};
		29B97323FDCFA39411CA2CEA /* Frameworks */ = {
			isa = PBXGroup;
			children = (
				B14BAC221FC6A2610083C1FB /* MapKit.framework */,
				DBA7AD1AB67E4F7A86558C05 /* Social.framework */,
				F84591E7C4744ED780F4C840 /* MessageUI.framework */,
				5C81A9EC1D4B5D62EA526A07 /* libPods-FreeCycle.a */,
				11BDF7B54F4A452B89E33CDE /* FirebaseAnalytics.framework */,
				CB073B1BA9FE4FFCA59061FD /* FirebaseCore.framework */,
				D41227A5C4564F21A26D5F88 /* FirebaseInstanceID.framework */,
				F6FDD1FD4B6544D2A612ED9F /* FirebaseMessaging.framework */,
				4C39C853823847A3ACA04CF0 /* GoogleInterchangeUtilities.framework */,
				FB66812F16E3428E87E64847 /* GoogleIPhoneUtilities.framework */,
				6B3E90DFC8634691ACF4128D /* GoogleSymbolUtilities.framework */,
				F07C676B894C4EAFA7195FA8 /* GoogleUtilities.framework */,
				01FBD559634E4820B74E3D75 /* libc++.tbd */,
				FAFE701383D441329254697C /* libz.tbd */,
				F0917C0BDE9D4E0C84B396A9 /* AddressBook.framework */,
				784100A948AD40A8BEAA5267 /* libsqlite3.0.tbd */,
				7E8671DFD447429C8790EA26 /* Security.framework */,
			);
			name = Frameworks;
			sourceTree = "<group>";
		};
		301BF52E109A57CC0062928A /* Products */ = {
			isa = PBXGroup;
			children = (
				301BF535109A57CC0062928A /* libCordova.a */,
				B119A05E1FC2F29A005F9925 /* Cordova.framework */,
			);
			name = Products;
			sourceTree = "<group>";
		};
		3047A50E1AB8057F00498E2A /* config */ = {
			isa = PBXGroup;
			children = (
				3047A50F1AB8059700498E2A /* build-debug.xcconfig */,
				3047A5101AB8059700498E2A /* build-release.xcconfig */,
				3047A5111AB8059700498E2A /* build.xcconfig */,
			);
			name = config;
			sourceTree = "<group>";
		};
		307C750510C5A3420062BCA9 /* Plugins */ = {
			isa = PBXGroup;
			children = (
				CBEA2A0BBB6F43EB8BD8806B /* NSString+SSURLEncoding.m */,
				5C913383B79D4AB7BD38F73F /* SocialSharing.m */,
				95AB320FDE934BA5BDF3ED0D /* NSString+SSURLEncoding.h */,
				72209F5BA47C470F977463D1 /* SocialSharing.h */,
				DBA214E1C7DC4345B9F2EA08 /* FCMPlugin.m */,
				B42FED253BE24A7BAF091906 /* AppDelegate+FCMPlugin.m */,
				3B353E2E3DF2430D9A5C283F /* FCMPlugin.h */,
				2747178C47DD477E852C449F /* AppDelegate+FCMPlugin.h */,
				854C551D4C4B42838953B391 /* Firebase.h */,
			);
			name = Plugins;
			path = FreeCycle/Plugins;
			sourceTree = SOURCE_ROOT;
		};
		311EC8C1D67F90C94F2B2BCE /* Pods */ = {
			isa = PBXGroup;
			children = (
			);
			name = Pods;
			sourceTree = "<group>";
		};
		EB87FDF11871DA420020F90C /* Staging */ = {
			isa = PBXGroup;
			children = (
				F840E1F0165FE0F500CFE078 /* config.xml */,
				301BF56E109A69640062928A /* www */,
			);
			name = Staging;
			sourceTree = "<group>";
		};
/* End PBXGroup section */

/* Begin PBXNativeTarget section */
		1D6058900D05DD3D006BFB54 /* FreeCycle */ = {
			isa = PBXNativeTarget;
			buildConfigurationList = 1D6058960D05DD3E006BFB54 /* Build configuration list for PBXNativeTarget "FreeCycle" */;
			buildPhases = (
				0A42F60D9DBD04C60AD8F8B8 /* [CP] Check Pods Manifest.lock */,
				304B58A110DAC018002A0835 /* Copy www directory */,
				1D60588D0D05DD3D006BFB54 /* Resources */,
				1D60588E0D05DD3D006BFB54 /* Sources */,
				1D60588F0D05DD3D006BFB54 /* Frameworks */,
				1DCE0633D4A45083B99801E0 /* [CP] Embed Pods Frameworks */,
				C58FA2E11D976C4D01865D24 /* [CP] Copy Pods Resources */,
			);
			buildRules = (
			);
			dependencies = (
				301BF551109A68C00062928A /* PBXTargetDependency */,
			);
			name = FreeCycle;
			productName = FreeCycle;
			productReference = 1D6058910D05DD3D006BFB54 /* FreeCycle.app */;
			productType = "com.apple.product-type.application";
		};
/* End PBXNativeTarget section */

/* Begin PBXProject section */
		29B97313FDCFA39411CA2CEA /* Project object */ = {
			isa = PBXProject;
			attributes = {
				LastUpgradeCheck = 920;
				TargetAttributes = {
					1D6058900D05DD3D006BFB54 = {
						ProvisioningStyle = Automatic;
						SystemCapabilities = {
							com.apple.Maps.iOS = {
								enabled = 1;
							};
							com.apple.Push = {
								enabled = 1;
							};
						};
					};
				};
			};
			buildConfigurationList = C01FCF4E08A954540054247B /* Build configuration list for PBXProject "FreeCycle" */;
			compatibilityVersion = "Xcode 8.0";
			developmentRegion = English;
			hasScannedForEncodings = 1;
			knownRegions = (
				en,
			);
			mainGroup = 29B97314FDCFA39411CA2CEA /* CustomTemplate */;
			productRefGroup = 19C28FACFE9D520D11CA2CBB /* Products */;
			projectDirPath = "";
			projectReferences = (
				{
					ProductGroup = 301BF52E109A57CC0062928A /* Products */;
					ProjectRef = 301BF52D109A57CC0062928A /* CordovaLib/CordovaLib.xcodeproj */;
				},
			);
			projectRoot = "";
			targets = (
				1D6058900D05DD3D006BFB54 /* FreeCycle */,
			);
		};
/* End PBXProject section */

/* Begin PBXReferenceProxy section */
		301BF535109A57CC0062928A /* libCordova.a */ = {
			isa = PBXReferenceProxy;
			fileType = archive.ar;
			path = libCordova.a;
			remoteRef = 301BF534109A57CC0062928A /* PBXContainerItemProxy */;
			sourceTree = BUILT_PRODUCTS_DIR;
		};
		B119A05E1FC2F29A005F9925 /* Cordova.framework */ = {
			isa = PBXReferenceProxy;
			fileType = wrapper.framework;
			path = Cordova.framework;
			remoteRef = B119A05D1FC2F29A005F9925 /* PBXContainerItemProxy */;
			sourceTree = BUILT_PRODUCTS_DIR;
		};
/* End PBXReferenceProxy section */

/* Begin PBXResourcesBuildPhase section */
		1D60588D0D05DD3D006BFB54 /* Resources */ = {
			isa = PBXResourcesBuildPhase;
			buildActionMask = 2147483647;
			files = (
				302D95F214D2391D003F00A1 /* MainViewController.xib in Resources */,
				B127FA121FC5A4EC0061562D /* Default-568h@2x.png in Resources */,
				0207DA581B56EA530066E2B4 /* Images.xcassets in Resources */,
				6AFF5BF91D6E424B00AB3073 /* CDVLaunchScreen.storyboard in Resources */,
				B0833222EDDD4659A5EC1076 /* GoogleService-Info.plist in Resources */,
			);
			runOnlyForDeploymentPostprocessing = 0;
		};
/* End PBXResourcesBuildPhase section */

/* Begin PBXShellScriptBuildPhase section */
		0A42F60D9DBD04C60AD8F8B8 /* [CP] Check Pods Manifest.lock */ = {
			isa = PBXShellScriptBuildPhase;
			buildActionMask = 2147483647;
			files = (
			);
			inputPaths = (
				"${PODS_PODFILE_DIR_PATH}/Podfile.lock",
				"${PODS_ROOT}/Manifest.lock",
			);
			name = "[CP] Check Pods Manifest.lock";
			outputPaths = (
				"$(DERIVED_FILE_DIR)/Pods-FreeCycle-checkManifestLockResult.txt",
			);
			runOnlyForDeploymentPostprocessing = 0;
			shellPath = /bin/sh;
			shellScript = "diff \"${PODS_PODFILE_DIR_PATH}/Podfile.lock\" \"${PODS_ROOT}/Manifest.lock\" > /dev/null\nif [ $? != 0 ] ; then\n    # print error to STDERR\n    echo \"error: The sandbox is not in sync with the Podfile.lock. Run 'pod install' or update your CocoaPods installation.\" >&2\n    exit 1\nfi\n# This output is used by Xcode 'outputs' to avoid re-running this script phase.\necho \"SUCCESS\" > \"${SCRIPT_OUTPUT_FILE_0}\"\n";
			showEnvVarsInLog = 0;
		};
		1DCE0633D4A45083B99801E0 /* [CP] Embed Pods Frameworks */ = {
			isa = PBXShellScriptBuildPhase;
			buildActionMask = 2147483647;
			files = (
			);
			inputPaths = (
			);
			name = "[CP] Embed Pods Frameworks";
			outputPaths = (
			);
			runOnlyForDeploymentPostprocessing = 0;
			shellPath = /bin/sh;
			shellScript = "\"${SRCROOT}/Pods/Target Support Files/Pods-FreeCycle/Pods-FreeCycle-frameworks.sh\"\n";
			showEnvVarsInLog = 0;
		};
		304B58A110DAC018002A0835 /* Copy www directory */ = {
			isa = PBXShellScriptBuildPhase;
			buildActionMask = 2147483647;
			files = (
			);
			inputPaths = (
			);
			name = "Copy www directory";
			outputPaths = (
			);
			runOnlyForDeploymentPostprocessing = 0;
			shellPath = /bin/sh;
			shellScript = "NODEJS_PATH=/usr/local/bin; NVM_NODE_PATH=~/.nvm/versions/node/`nvm version 2>/dev/null`/bin; N_NODE_PATH=`find /usr/local/n/versions/node/* -maxdepth 0 -type d 2>/dev/null | tail -1`/bin; XCODE_NODE_PATH=`xcode-select --print-path`/usr/share/xcs/Node/bin; PATH=$NODEJS_PATH:$NVM_NODE_PATH:$N_NODE_PATH:$XCODE_NODE_PATH:$PATH && node cordova/lib/copy-www-build-step.js";
			showEnvVarsInLog = 0;
		};
		C58FA2E11D976C4D01865D24 /* [CP] Copy Pods Resources */ = {
			isa = PBXShellScriptBuildPhase;
			buildActionMask = 2147483647;
			files = (
			);
			inputPaths = (
			);
			name = "[CP] Copy Pods Resources";
			outputPaths = (
			);
			runOnlyForDeploymentPostprocessing = 0;
			shellPath = /bin/sh;
			shellScript = "\"${SRCROOT}/Pods/Target Support Files/Pods-FreeCycle/Pods-FreeCycle-resources.sh\"\n";
			showEnvVarsInLog = 0;
		};
/* End PBXShellScriptBuildPhase section */

/* Begin PBXSourcesBuildPhase section */
		1D60588E0D05DD3D006BFB54 /* Sources */ = {
			isa = PBXSourcesBuildPhase;
			buildActionMask = 2147483647;
			files = (
				1D60589B0D05DD56006BFB54 /* main.m in Sources */,
				1D3623260D0F684500981E51 /* AppDelegate.m in Sources */,
				302D95F114D2391D003F00A1 /* MainViewController.m in Sources */,
				4B5E9D23C8E54D92A2385679 /* NSString+SSURLEncoding.m in Sources */,
				DB3B6CF79E9F418799859A00 /* SocialSharing.m in Sources */,
				CF48BF7C7A1A40A8BB6E5CA9 /* FCMPlugin.m in Sources */,
				88985F635CC0413691E4D926 /* AppDelegate+FCMPlugin.m in Sources */,
			);
			runOnlyForDeploymentPostprocessing = 0;
		};
/* End PBXSourcesBuildPhase section */

/* Begin PBXTargetDependency section */
		301BF551109A68C00062928A /* PBXTargetDependency */ = {
			isa = PBXTargetDependency;
			name = CordovaLib;
			targetProxy = 301BF550109A68C00062928A /* PBXContainerItemProxy */;
		};
/* End PBXTargetDependency section */

/* Begin XCBuildConfiguration section */
		1D6058940D05DD3E006BFB54 /* Debug */ = {
			isa = XCBuildConfiguration;
			baseConfigurationReference = 3047A50F1AB8059700498E2A /* build-debug.xcconfig */;
			buildSettings = {
				ALWAYS_SEARCH_USER_PATHS = NO;
				ASSETCATALOG_COMPILER_APPICON_NAME = AppIcon;
				CLANG_ENABLE_MODULES = YES;
				CLANG_ENABLE_OBJC_ARC = YES;
				CODE_SIGN_ENTITLEMENTS = FreeCycle/FreeCycle.entitlements;
				"CODE_SIGN_IDENTITY[sdk=iphoneos*]" = "iPhone Developer";
				CODE_SIGN_STYLE = Automatic;
				COPY_PHASE_STRIP = NO;
				DEVELOPMENT_TEAM = WCH8MH88RX;
				FRAMEWORK_SEARCH_PATHS = (
					"$(inherited)",
					"\"FreeCycle/Plugins/cordova-plugin-fcm\"",
					"\"FreeCycle/Plugins/cordova-plugin-fcm\"",
					"\"FreeCycle/Plugins/cordova-plugin-fcm\"",
					"\"FreeCycle/Plugins/cordova-plugin-fcm\"",
					"\"FreeCycle/Plugins/cordova-plugin-fcm\"",
					"\"FreeCycle/Plugins/cordova-plugin-fcm\"",
					"\"FreeCycle/Plugins/cordova-plugin-fcm\"",
					"\"FreeCycle/Plugins/cordova-plugin-fcm\"",
					"\"FreeCycle/Plugins/cordova-plugin-fcm\"",
					"\"FreeCycle/Plugins/cordova-plugin-fcm\"",
					"\"FreeCycle/Plugins/cordova-plugin-fcm\"",
					"\"FreeCycle/Plugins/cordova-plugin-fcm\"",
					"\"FreeCycle/Plugins/cordova-plugin-fcm\"",
					"\"FreeCycle/Plugins/cordova-plugin-fcm\"",
					"\"FreeCycle/Plugins/cordova-plugin-fcm\"",
					"\"FreeCycle/Plugins/cordova-plugin-fcm\"",
					"\"FreeCycle/Plugins/cordova-plugin-fcm\"",
					"\"FreeCycle/Plugins/cordova-plugin-fcm\"",
					"\"FreeCycle/Plugins/cordova-plugin-fcm\"",
					"\"FreeCycle/Plugins/cordova-plugin-fcm\"",
					"\"FreeCycle/Plugins/cordova-plugin-fcm\"",
					"\"FreeCycle/Plugins/cordova-plugin-fcm\"",
					"\"FreeCycle/Plugins/cordova-plugin-fcm\"",
					"\"FreeCycle/Plugins/cordova-plugin-fcm\"",
					"\"FreeCycle/Plugins/cordova-plugin-fcm\"",
					"\"FreeCycle/Plugins/cordova-plugin-fcm\"",
					"\"FreeCycle/Plugins/cordova-plugin-fcm\"",
					"\"FreeCycle/Plugins/cordova-plugin-fcm\"",
					"\"FreeCycle/Plugins/cordova-plugin-fcm\"",
					"\"FreeCycle/Plugins/cordova-plugin-fcm\"",
					"\"FreeCycle/Plugins/cordova-plugin-fcm\"",
					"\"FreeCycle/Plugins/cordova-plugin-fcm\"",
				);
				GCC_DYNAMIC_NO_PIC = NO;
				GCC_OPTIMIZATION_LEVEL = 0;
				GCC_PRECOMPILE_PREFIX_HEADER = YES;
				GCC_PREFIX_HEADER = "FreeCycle/FreeCycle-Prefix.pch";
				GCC_THUMB_SUPPORT = NO;
				GCC_VERSION = "";
				INFOPLIST_FILE = "FreeCycle/FreeCycle-Info.plist";
				IPHONEOS_DEPLOYMENT_TARGET = 9.2;
				LD_RUNPATH_SEARCH_PATHS = "@executable_path/Frameworks";
				PRODUCT_BUNDLE_IDENTIFIER = com.sujoy.freecycle;
				PRODUCT_NAME = FreeCycle;
				PROVISIONING_PROFILE = "";
				PROVISIONING_PROFILE_SPECIFIER = "";
				TARGETED_DEVICE_FAMILY = "1,2";
			};
			name = Debug;
		};
		1D6058950D05DD3E006BFB54 /* Release */ = {
			isa = XCBuildConfiguration;
			baseConfigurationReference = 3047A5101AB8059700498E2A /* build-release.xcconfig */;
			buildSettings = {
				ALWAYS_SEARCH_USER_PATHS = NO;
				ASSETCATALOG_COMPILER_APPICON_NAME = AppIcon;
				CLANG_ENABLE_MODULES = YES;
				CLANG_ENABLE_OBJC_ARC = YES;
				CODE_SIGN_ENTITLEMENTS = FreeCycle/FreeCycle.entitlements;
				"CODE_SIGN_IDENTITY[sdk=iphoneos*]" = "iPhone Developer";
				CODE_SIGN_STYLE = Automatic;
				COPY_PHASE_STRIP = YES;
				DEVELOPMENT_TEAM = WCH8MH88RX;
				FRAMEWORK_SEARCH_PATHS = (
					"$(inherited)",
					"\"FreeCycle/Plugins/cordova-plugin-fcm\"",
					"\"FreeCycle/Plugins/cordova-plugin-fcm\"",
					"\"FreeCycle/Plugins/cordova-plugin-fcm\"",
					"\"FreeCycle/Plugins/cordova-plugin-fcm\"",
					"\"FreeCycle/Plugins/cordova-plugin-fcm\"",
					"\"FreeCycle/Plugins/cordova-plugin-fcm\"",
					"\"FreeCycle/Plugins/cordova-plugin-fcm\"",
					"\"FreeCycle/Plugins/cordova-plugin-fcm\"",
					"\"FreeCycle/Plugins/cordova-plugin-fcm\"",
					"\"FreeCycle/Plugins/cordova-plugin-fcm\"",
					"\"FreeCycle/Plugins/cordova-plugin-fcm\"",
					"\"FreeCycle/Plugins/cordova-plugin-fcm\"",
					"\"FreeCycle/Plugins/cordova-plugin-fcm\"",
					"\"FreeCycle/Plugins/cordova-plugin-fcm\"",
					"\"FreeCycle/Plugins/cordova-plugin-fcm\"",
					"\"FreeCycle/Plugins/cordova-plugin-fcm\"",
					"\"FreeCycle/Plugins/cordova-plugin-fcm\"",
					"\"FreeCycle/Plugins/cordova-plugin-fcm\"",
					"\"FreeCycle/Plugins/cordova-plugin-fcm\"",
					"\"FreeCycle/Plugins/cordova-plugin-fcm\"",
					"\"FreeCycle/Plugins/cordova-plugin-fcm\"",
					"\"FreeCycle/Plugins/cordova-plugin-fcm\"",
					"\"FreeCycle/Plugins/cordova-plugin-fcm\"",
					"\"FreeCycle/Plugins/cordova-plugin-fcm\"",
					"\"FreeCycle/Plugins/cordova-plugin-fcm\"",
					"\"FreeCycle/Plugins/cordova-plugin-fcm\"",
					"\"FreeCycle/Plugins/cordova-plugin-fcm\"",
					"\"FreeCycle/Plugins/cordova-plugin-fcm\"",
					"\"FreeCycle/Plugins/cordova-plugin-fcm\"",
					"\"FreeCycle/Plugins/cordova-plugin-fcm\"",
					"\"FreeCycle/Plugins/cordova-plugin-fcm\"",
					"\"FreeCycle/Plugins/cordova-plugin-fcm\"",
				);
				GCC_PRECOMPILE_PREFIX_HEADER = YES;
				GCC_PREFIX_HEADER = "FreeCycle/FreeCycle-Prefix.pch";
				GCC_THUMB_SUPPORT = NO;
				GCC_VERSION = "";
				INFOPLIST_FILE = "FreeCycle/FreeCycle-Info.plist";
				IPHONEOS_DEPLOYMENT_TARGET = 9.2;
				LD_RUNPATH_SEARCH_PATHS = "@executable_path/Frameworks";
				PRODUCT_BUNDLE_IDENTIFIER = com.sujoy.freecycle;
				PRODUCT_NAME = FreeCycle;
				PROVISIONING_PROFILE = "";
				PROVISIONING_PROFILE_SPECIFIER = "";
				TARGETED_DEVICE_FAMILY = "1,2";
			};
			name = Release;
		};
		C01FCF4F08A954540054247B /* Debug */ = {
			isa = XCBuildConfiguration;
			baseConfigurationReference = 3047A5111AB8059700498E2A /* build.xcconfig */;
			buildSettings = {
				CLANG_ENABLE_MODULES = YES;
				CLANG_ENABLE_OBJC_ARC = YES;
				CLANG_WARN_BLOCK_CAPTURE_AUTORELEASING = YES;
				CLANG_WARN_BOOL_CONVERSION = YES;
				CLANG_WARN_COMMA = YES;
				CLANG_WARN_CONSTANT_CONVERSION = YES;
				CLANG_WARN_EMPTY_BODY = YES;
				CLANG_WARN_ENUM_CONVERSION = YES;
				CLANG_WARN_INFINITE_RECURSION = YES;
				CLANG_WARN_INT_CONVERSION = YES;
				CLANG_WARN_NON_LITERAL_NULL_CONVERSION = YES;
				CLANG_WARN_OBJC_LITERAL_CONVERSION = YES;
				CLANG_WARN_RANGE_LOOP_ANALYSIS = YES;
				CLANG_WARN_STRICT_PROTOTYPES = YES;
				CLANG_WARN_SUSPICIOUS_MOVE = YES;
				CLANG_WARN_UNREACHABLE_CODE = YES;
				CLANG_WARN__DUPLICATE_METHOD_MATCH = YES;
				EMBED_ASSET_PACKS_IN_PRODUCT_BUNDLE = YES;
				ENABLE_ON_DEMAND_RESOURCES = YES;
				ENABLE_STRICT_OBJC_MSGSEND = YES;
				ENABLE_TESTABILITY = YES;
				GCC_C_LANGUAGE_STANDARD = c99;
				GCC_NO_COMMON_BLOCKS = YES;
				GCC_THUMB_SUPPORT = NO;
				GCC_VERSION = "";
				GCC_WARN_64_TO_32_BIT_CONVERSION = YES;
				GCC_WARN_ABOUT_RETURN_TYPE = YES;
				GCC_WARN_UNDECLARED_SELECTOR = YES;
				GCC_WARN_UNINITIALIZED_AUTOS = YES;
				GCC_WARN_UNUSED_FUNCTION = YES;
				GCC_WARN_UNUSED_VARIABLE = YES;
				IPHONEOS_DEPLOYMENT_TARGET = 10.0;
				ONLY_ACTIVE_ARCH = YES;
				SDKROOT = iphoneos11.2;
				SKIP_INSTALL = NO;
				TARGETED_DEVICE_FAMILY = "1,2";
			};
			name = Debug;
		};
		C01FCF5008A954540054247B /* Release */ = {
			isa = XCBuildConfiguration;
			baseConfigurationReference = 3047A5111AB8059700498E2A /* build.xcconfig */;
			buildSettings = {
				CLANG_ENABLE_MODULES = YES;
				CLANG_ENABLE_OBJC_ARC = YES;
				CLANG_WARN_BLOCK_CAPTURE_AUTORELEASING = YES;
				CLANG_WARN_BOOL_CONVERSION = YES;
				CLANG_WARN_COMMA = YES;
				CLANG_WARN_CONSTANT_CONVERSION = YES;
				CLANG_WARN_EMPTY_BODY = YES;
				CLANG_WARN_ENUM_CONVERSION = YES;
				CLANG_WARN_INFINITE_RECURSION = YES;
				CLANG_WARN_INT_CONVERSION = YES;
				CLANG_WARN_NON_LITERAL_NULL_CONVERSION = YES;
				CLANG_WARN_OBJC_LITERAL_CONVERSION = YES;
				CLANG_WARN_RANGE_LOOP_ANALYSIS = YES;
				CLANG_WARN_STRICT_PROTOTYPES = YES;
				CLANG_WARN_SUSPICIOUS_MOVE = YES;
				CLANG_WARN_UNREACHABLE_CODE = YES;
				CLANG_WARN__DUPLICATE_METHOD_MATCH = YES;
				EMBED_ASSET_PACKS_IN_PRODUCT_BUNDLE = YES;
				ENABLE_ON_DEMAND_RESOURCES = YES;
				ENABLE_STRICT_OBJC_MSGSEND = YES;
				ENABLE_TESTABILITY = YES;
				GCC_C_LANGUAGE_STANDARD = c99;
				GCC_NO_COMMON_BLOCKS = YES;
				GCC_THUMB_SUPPORT = NO;
				GCC_VERSION = "";
				GCC_WARN_64_TO_32_BIT_CONVERSION = YES;
				GCC_WARN_ABOUT_RETURN_TYPE = YES;
				GCC_WARN_UNDECLARED_SELECTOR = YES;
				GCC_WARN_UNINITIALIZED_AUTOS = YES;
				GCC_WARN_UNUSED_FUNCTION = YES;
				GCC_WARN_UNUSED_VARIABLE = YES;
				IPHONEOS_DEPLOYMENT_TARGET = 10.0;
				ONLY_ACTIVE_ARCH = YES;
				SDKROOT = iphoneos11.2;
				SKIP_INSTALL = NO;
				TARGETED_DEVICE_FAMILY = "1,2";
			};
			name = Release;
		};
/* End XCBuildConfiguration section */

/* Begin XCConfigurationList section */
		1D6058960D05DD3E006BFB54 /* Build configuration list for PBXNativeTarget "FreeCycle" */ = {
			isa = XCConfigurationList;
			buildConfigurations = (
				1D6058940D05DD3E006BFB54 /* Debug */,
				1D6058950D05DD3E006BFB54 /* Release */,
			);
			defaultConfigurationIsVisible = 0;
			defaultConfigurationName = Release;
		};
		C01FCF4E08A954540054247B /* Build configuration list for PBXProject "FreeCycle" */ = {
			isa = XCConfigurationList;
			buildConfigurations = (
				C01FCF4F08A954540054247B /* Debug */,
				C01FCF5008A954540054247B /* Release */,
			);
			defaultConfigurationIsVisible = 0;
			defaultConfigurationName = Release;
		};
/* End XCConfigurationList section */
	};
	rootObject = 29B97313FDCFA39411CA2CEA /* Project object */;
}
